
Microsoft Visual Studio Solution File, Format Version 12.00
Project("{2150E333-8FDC-42A3-9474-1A3956D46DE8}") = "Microservices", "Microservices", "{216F4363-B974-4299-832B-349C6A81B567}"
EndProject
Project("{2150E333-8FDC-42A3-9474-1A3956D46DE8}") = "Domain", "Domain", "{A7FC1DF3-4125-4F65-A770-49CFB7DBB738}"
EndProject
Project("{2150E333-8FDC-42A3-9474-1A3956D46DE8}") = "Infra.Bus", "Infra.Bus", "{6EA24201-C2D1-4EAB-8769-C88EFCCB0390}"
EndProject
Project("{2150E333-8FDC-42A3-9474-1A3956D46DE8}") = "Infra.IoC", "Infra.IoC", "{9BC7C3C8-0AE5-46E2-A125-AC82A078B2BE}"
EndProject
Project("{2150E333-8FDC-42A3-9474-1A3956D46DE8}") = "Presentation", "Presentation", "{AF9A420C-366C-4A81-99B6-DE04F90D6472}"
EndProject
Project("{FAE04EC0-301F-11D3-BF4B-00C04F79EFBC}") = "MicroRabbit.Domain.Core", "MicroRabbit.Domain.Core\MicroRabbit.Domain.Core.csproj", "{5F4AA030-8B26-4E26-8D3C-5B0EE477AB97}"
EndProject
Project("{FAE04EC0-301F-11D3-BF4B-00C04F79EFBC}") = "MicroRabbit.Infra.Bus", "MicroRabbit.Infra.Bus\MicroRabbit.Infra.Bus.csproj", "{9A597F8B-5DDC-4476-8763-C4BD0DA13528}"
EndProject
Global
	GlobalSection(SolutionConfigurationPlatforms) = preSolution
		Debug|Any CPU = Debug|Any CPU
		Release|Any CPU = Release|Any CPU
	EndGlobalSection
	GlobalSection(NestedProjects) = preSolution
		{5F4AA030-8B26-4E26-8D3C-5B0EE477AB97} = {A7FC1DF3-4125-4F65-A770-49CFB7DBB738}
		{9A597F8B-5DDC-4476-8763-C4BD0DA13528} = {6EA24201-C2D1-4EAB-8769-C88EFCCB0390}
	EndGlobalSection
	GlobalSection(ProjectConfigurationPlatforms) = postSolution
		{5F4AA030-8B26-4E26-8D3C-5B0EE477AB97}.Debug|Any CPU.ActiveCfg = Debug|Any CPU
		{5F4AA030-8B26-4E26-8D3C-5B0EE477AB97}.Debug|Any CPU.Build.0 = Debug|Any CPU
		{5F4AA030-8B26-4E26-8D3C-5B0EE477AB97}.Release|Any CPU.ActiveCfg = Release|Any CPU
		{5F4AA030-8B26-4E26-8D3C-5B0EE477AB97}.Release|Any CPU.Build.0 = Release|Any CPU
		{9A597F8B-5DDC-4476-8763-C4BD0DA13528}.Debug|Any CPU.ActiveCfg = Debug|Any CPU
		{9A597F8B-5DDC-4476-8763-C4BD0DA13528}.Debug|Any CPU.Build.0 = Debug|Any CPU
		{9A597F8B-5DDC-4476-8763-C4BD0DA13528}.Release|Any CPU.ActiveCfg = Release|Any CPU
		{9A597F8B-5DDC-4476-8763-C4BD0DA13528}.Release|Any CPU.Build.0 = Release|Any CPU
	EndGlobalSection
EndGlobal
